
Microsoft Visual Studio Solution File, Format Version 12.00
# Visual Studio Version 17
VisualStudioVersion = 17.2.32616.157
MinimumVisualStudioVersion = 10.0.40219.1
Project("{54A90642-561A-4BB1-A94E-469ADEE60C69}") = "TaskStep", "TaskStep\TaskStep.esproj", "{3AC0BDC4-4D8A-4437-8819-CD9412D91A21}"
EndProject
Global
	GlobalSection(SolutionConfigurationPlatforms) = preSolution
		Debug|Any CPU = Debug|Any CPU
		Release|Any CPU = Release|Any CPU
	EndGlobalSection
	GlobalSection(ProjectConfigurationPlatforms) = postSolution
		{3AC0BDC4-4D8A-4437-8819-CD9412D91A21}.Debug|Any CPU.ActiveCfg = Debug|Any CPU
		{3AC0BDC4-4D8A-4437-8819-CD9412D91A21}.Debug|Any CPU.Build.0 = Debug|Any CPU
		{3AC0BDC4-4D8A-4437-8819-CD9412D91A21}.Debug|Any CPU.Deploy.0 = Debug|Any CPU
		{3AC0BDC4-4D8A-4437-8819-CD9412D91A21}.Release|Any CPU.ActiveCfg = Release|Any CPU
		{3AC0BDC4-4D8A-4437-8819-CD9412D91A21}.Release|Any CPU.Build.0 = Release|Any CPU
		{3AC0BDC4-4D8A-4437-8819-CD9412D91A21}.Release|Any CPU.Deploy.0 = Release|Any CPU
	EndGlobalSection
	GlobalSection(SolutionProperties) = preSolution
		HideSolutionNode = FALSE
	EndGlobalSection
	GlobalSection(ExtensibilityGlobals) = postSolution
		SolutionGuid = {FC09576E-D0C2-45C7-97FB-49B3F0B5CD86}
	EndGlobalSection
EndGlobal
